
Microsoft Visual Studio Solution File, Format Version 12.00
# Visual Studio Version 16
VisualStudioVersion = 16.0.31410.357
MinimumVisualStudioVersion = 10.0.40219.1
Project("{2150E333-8FDC-42A3-9474-1A3956D46DE8}") = "1. Infrastructure", "1. Infrastructure", "{28948FE6-5205-46DA-B773-8424F2EDEC25}"
EndProject
Project("{2150E333-8FDC-42A3-9474-1A3956D46DE8}") = "2. Domain", "2. Domain", "{80483C7E-B23A-4A56-9D1D-896148DC986E}"
EndProject
Project("{2150E333-8FDC-42A3-9474-1A3956D46DE8}") = "3. Hosts", "3. Hosts", "{8163A945-90CA-43C8-BDC8-5F1D0FED9338}"
EndProject
Project("{9A19103F-16F7-4668-BE54-9A1E7A4F7556}") = "TX.Data", "TX.Data\TX.Data.csproj", "{767EF0F5-D1DA-4F3C-A3C7-D6EBB83D9F9E}"
EndProject
Project("{9A19103F-16F7-4668-BE54-9A1E7A4F7556}") = "TX.Api", "TX.Api\TX.Api.csproj", "{8A788820-50F4-4A0A-A9E7-EDCFF9495AE1}"
EndProject
Project("{9A19103F-16F7-4668-BE54-9A1E7A4F7556}") = "Services", "Services\Services.csproj", "{8125C793-F842-4997-A11C-3ABD87646A20}"
EndProject
Project("{9A19103F-16F7-4668-BE54-9A1E7A4F7556}") = "TX.Utilities", "TX.Utilities\TX.Utilities.csproj", "{64B1979F-C9BF-4AE3-B565-802E88729E7B}"
EndProject
Project("{9A19103F-16F7-4668-BE54-9A1E7A4F7556}") = "TX.ViewModels", "TX.ViewModels\TX.ViewModels.csproj", "{50122D30-E98F-47FE-B460-30E7AFDEADDB}"
EndProject
Project("{FAE04EC0-301F-11D3-BF4B-00C04F79EFBC}") = "App", "App\App.csproj", "{E7ED63E9-E7CC-4989-A3C9-879CEA4E5B18}"
EndProject
Project("{FAE04EC0-301F-11D3-BF4B-00C04F79EFBC}") = "TX.Admin", "TX.Admin\TX.Admin.csproj", "{DD7E0562-B68C-43E1-865F-46C555B2679A}"
EndProject
Project("{FAE04EC0-301F-11D3-BF4B-00C04F79EFBC}") = "TX.ApiIntegration", "TX.ApiIntegration\TX.ApiIntegration.csproj", "{82930B42-21D2-4413-8F05-B734C0C837A9}"
EndProject
Global
	GlobalSection(SolutionConfigurationPlatforms) = preSolution
		Debug|Any CPU = Debug|Any CPU
		Release|Any CPU = Release|Any CPU
	EndGlobalSection
	GlobalSection(ProjectConfigurationPlatforms) = postSolution
		{767EF0F5-D1DA-4F3C-A3C7-D6EBB83D9F9E}.Debug|Any CPU.ActiveCfg = Debug|Any CPU
		{767EF0F5-D1DA-4F3C-A3C7-D6EBB83D9F9E}.Debug|Any CPU.Build.0 = Debug|Any CPU
		{767EF0F5-D1DA-4F3C-A3C7-D6EBB83D9F9E}.Release|Any CPU.ActiveCfg = Release|Any CPU
		{767EF0F5-D1DA-4F3C-A3C7-D6EBB83D9F9E}.Release|Any CPU.Build.0 = Release|Any CPU
		{8A788820-50F4-4A0A-A9E7-EDCFF9495AE1}.Debug|Any CPU.ActiveCfg = Debug|Any CPU
		{8A788820-50F4-4A0A-A9E7-EDCFF9495AE1}.Debug|Any CPU.Build.0 = Debug|Any CPU
		{8A788820-50F4-4A0A-A9E7-EDCFF9495AE1}.Release|Any CPU.ActiveCfg = Release|Any CPU
		{8A788820-50F4-4A0A-A9E7-EDCFF9495AE1}.Release|Any CPU.Build.0 = Release|Any CPU
		{8125C793-F842-4997-A11C-3ABD87646A20}.Debug|Any CPU.ActiveCfg = Debug|Any CPU
		{8125C793-F842-4997-A11C-3ABD87646A20}.Debug|Any CPU.Build.0 = Debug|Any CPU
		{8125C793-F842-4997-A11C-3ABD87646A20}.Release|Any CPU.ActiveCfg = Release|Any CPU
		{8125C793-F842-4997-A11C-3ABD87646A20}.Release|Any CPU.Build.0 = Release|Any CPU
		{64B1979F-C9BF-4AE3-B565-802E88729E7B}.Debug|Any CPU.ActiveCfg = Debug|Any CPU
		{64B1979F-C9BF-4AE3-B565-802E88729E7B}.Debug|Any CPU.Build.0 = Debug|Any CPU
		{64B1979F-C9BF-4AE3-B565-802E88729E7B}.Release|Any CPU.ActiveCfg = Release|Any CPU
		{64B1979F-C9BF-4AE3-B565-802E88729E7B}.Release|Any CPU.Build.0 = Release|Any CPU
		{50122D30-E98F-47FE-B460-30E7AFDEADDB}.Debug|Any CPU.ActiveCfg = Debug|Any CPU
		{50122D30-E98F-47FE-B460-30E7AFDEADDB}.Debug|Any CPU.Build.0 = Debug|Any CPU
		{50122D30-E98F-47FE-B460-30E7AFDEADDB}.Release|Any CPU.ActiveCfg = Release|Any CPU
		{50122D30-E98F-47FE-B460-30E7AFDEADDB}.Release|Any CPU.Build.0 = Release|Any CPU
		{E7ED63E9-E7CC-4989-A3C9-879CEA4E5B18}.Debug|Any CPU.ActiveCfg = Debug|Any CPU
		{E7ED63E9-E7CC-4989-A3C9-879CEA4E5B18}.Debug|Any CPU.Build.0 = Debug|Any CPU
		{E7ED63E9-E7CC-4989-A3C9-879CEA4E5B18}.Release|Any CPU.ActiveCfg = Release|Any CPU
		{E7ED63E9-E7CC-4989-A3C9-879CEA4E5B18}.Release|Any CPU.Build.0 = Release|Any CPU
		{DD7E0562-B68C-43E1-865F-46C555B2679A}.Debug|Any CPU.ActiveCfg = Debug|Any CPU
		{DD7E0562-B68C-43E1-865F-46C555B2679A}.Debug|Any CPU.Build.0 = Debug|Any CPU
		{DD7E0562-B68C-43E1-865F-46C555B2679A}.Release|Any CPU.ActiveCfg = Release|Any CPU
		{DD7E0562-B68C-43E1-865F-46C555B2679A}.Release|Any CPU.Build.0 = Release|Any CPU
		{82930B42-21D2-4413-8F05-B734C0C837A9}.Debug|Any CPU.ActiveCfg = Debug|Any CPU
		{82930B42-21D2-4413-8F05-B734C0C837A9}.Debug|Any CPU.Build.0 = Debug|Any CPU
		{82930B42-21D2-4413-8F05-B734C0C837A9}.Release|Any CPU.ActiveCfg = Release|Any CPU
		{82930B42-21D2-4413-8F05-B734C0C837A9}.Release|Any CPU.Build.0 = Release|Any CPU
	EndGlobalSection
	GlobalSection(SolutionProperties) = preSolution
		HideSolutionNode = FALSE
	EndGlobalSection
	GlobalSection(NestedProjects) = preSolution
		{767EF0F5-D1DA-4F3C-A3C7-D6EBB83D9F9E} = {80483C7E-B23A-4A56-9D1D-896148DC986E}
		{8A788820-50F4-4A0A-A9E7-EDCFF9495AE1} = {8163A945-90CA-43C8-BDC8-5F1D0FED9338}
		{8125C793-F842-4997-A11C-3ABD87646A20} = {80483C7E-B23A-4A56-9D1D-896148DC986E}
		{64B1979F-C9BF-4AE3-B565-802E88729E7B} = {28948FE6-5205-46DA-B773-8424F2EDEC25}
		{50122D30-E98F-47FE-B460-30E7AFDEADDB} = {28948FE6-5205-46DA-B773-8424F2EDEC25}
		{E7ED63E9-E7CC-4989-A3C9-879CEA4E5B18} = {8163A945-90CA-43C8-BDC8-5F1D0FED9338}
		{DD7E0562-B68C-43E1-865F-46C555B2679A} = {8163A945-90CA-43C8-BDC8-5F1D0FED9338}
		{82930B42-21D2-4413-8F05-B734C0C837A9} = {8163A945-90CA-43C8-BDC8-5F1D0FED9338}
	EndGlobalSection
	GlobalSection(ExtensibilityGlobals) = postSolution
		SolutionGuid = {9F8CFEE8-885B-4753-AF64-CE20BC69F285}
	EndGlobalSection
EndGlobal
